
Microsoft Visual Studio Solution File, Format Version 12.00
# Visual Studio Version 17
VisualStudioVersion = 17.7.34031.279
MinimumVisualStudioVersion = 10.0.40219.1
Project("{FAE04EC0-301F-11D3-BF4B-00C04F79EFBC}") = "GGit_Test", "GGit_Test.csproj", "{4DFD62E6-933F-4052-ADF1-3407657E1CFF}"
EndProject
Global
	GlobalSection(SolutionConfigurationPlatforms) = preSolution
		Debug|Any CPU = Debug|Any CPU
		Release|Any CPU = Release|Any CPU
	EndGlobalSection
	GlobalSection(ProjectConfigurationPlatforms) = postSolution
		{4DFD62E6-933F-4052-ADF1-3407657E1CFF}.Debug|Any CPU.ActiveCfg = Debug|Any CPU
		{4DFD62E6-933F-4052-ADF1-3407657E1CFF}.Debug|Any CPU.Build.0 = Debug|Any CPU
		{4DFD62E6-933F-4052-ADF1-3407657E1CFF}.Release|Any CPU.ActiveCfg = Release|Any CPU
		{4DFD62E6-933F-4052-ADF1-3407657E1CFF}.Release|Any CPU.Build.0 = Release|Any CPU
	EndGlobalSection
	GlobalSection(SolutionProperties) = preSolution
		HideSolutionNode = FALSE
	EndGlobalSection
	GlobalSection(ExtensibilityGlobals) = postSolution
		SolutionGuid = {8D309632-8556-4C4F-A098-FCC4A1071D1D}
	EndGlobalSection
EndGlobal
